{
    "version": 3,
    "terraform_version": "0.12.31",
    "serial": 1,
    "lineage": "6fc9d315-7432-ea7a-8e56-7e27177666f2",
    "modules": [
        {
            "path": [
                "root"
            ],
            "outputs": {
                "google_compute_network_tfer--default_self_link": {
                    "sensitive": false,
                    "type": "string",
                    "value": "https://www.googleapis.com/compute/v1/projects/coalfire-test-341812/global/networks/default"
                },
                "google_compute_network_tfer--vcp-1_self_link": {
                    "sensitive": false,
                    "type": "string",
                    "value": "https://www.googleapis.com/compute/v1/projects/coalfire-test-341812/global/networks/vcp-1"
                }
            },
            "resources": {
                "google_compute_network.tfer--default": {
                    "type": "google_compute_network",
                    "depends_on": [],
                    "primary": {
                        "id": "default",
                        "attributes": {
                            "auto_create_subnetworks": "true",
                            "delete_default_routes_on_create": "false",
                            "description": "Default network for the project",
                            "gateway_ipv4": "",
                            "id": "default",
                            "mtu": "0",
                            "name": "default",
                            "project": "coalfire-test-341812",
                            "routing_mode": "REGIONAL",
                            "self_link": "https://www.googleapis.com/compute/v1/projects/coalfire-test-341812/global/networks/default"
                        },
                        "meta": {
                            "schema_version": 0
                        },
                        "tainted": false
                    },
                    "deposed": [],
                    "provider": "provider.google"
                },
                "google_compute_network.tfer--vcp-1": {
                    "type": "google_compute_network",
                    "depends_on": [],
                    "primary": {
                        "id": "vcp-1",
                        "attributes": {
                            "auto_create_subnetworks": "false",
                            "delete_default_routes_on_create": "false",
                            "description": "",
                            "gateway_ipv4": "",
                            "id": "vcp-1",
                            "mtu": "1460",
                            "name": "vcp-1",
                            "project": "coalfire-test-341812",
                            "routing_mode": "REGIONAL",
                            "self_link": "https://www.googleapis.com/compute/v1/projects/coalfire-test-341812/global/networks/vcp-1"
                        },
                        "meta": {
                            "schema_version": 0
                        },
                        "tainted": false
                    },
                    "deposed": [],
                    "provider": "provider.google"
                }
            },
            "depends_on": []
        }
    ]
}
